
Microsoft Visual Studio Solution File, Format Version 12.00
# Visual Studio Version 17
VisualStudioVersion = 17.3.32929.385
MinimumVisualStudioVersion = 10.0.40219.1
Project("{9A19103F-16F7-4668-BE54-9A1E7A4F7556}") = "LesAmisMod", "LesAmisMod.csproj", "{4BF404C3-567B-4B3B-BB20-6222DCAD447D}"
EndProject
Global
	GlobalSection(SolutionConfigurationPlatforms) = preSolution
		Debug|Any CPU = Debug|Any CPU
		Release|Any CPU = Release|Any CPU
	EndGlobalSection
	GlobalSection(ProjectConfigurationPlatforms) = postSolution
		{4BF404C3-567B-4B3B-BB20-6222DCAD447D}.Debug|Any CPU.ActiveCfg = Debug|Any CPU
		{4BF404C3-567B-4B3B-BB20-6222DCAD447D}.Debug|Any CPU.Build.0 = Debug|Any CPU
		{4BF404C3-567B-4B3B-BB20-6222DCAD447D}.Release|Any CPU.ActiveCfg = Release|Any CPU
		{4BF404C3-567B-4B3B-BB20-6222DCAD447D}.Release|Any CPU.Build.0 = Release|Any CPU
	EndGlobalSection
	GlobalSection(SolutionProperties) = preSolution
		HideSolutionNode = FALSE
	EndGlobalSection
	GlobalSection(ExtensibilityGlobals) = postSolution
		SolutionGuid = {B34A68C7-D635-4FFF-AB3A-7C5D26D420DE}
	EndGlobalSection
EndGlobal
